
Microsoft Visual Studio Solution File, Format Version 12.00
# Visual Studio Version 16
VisualStudioVersion = 16.0.32228.343
MinimumVisualStudioVersion = 10.0.40219.1
Project("{FAE04EC0-301F-11D3-BF4B-00C04F79EFBC}") = "ToDOList", "ToDOList.csproj", "{8C18F5CD-3677-447A-B7F3-62124924E7AE}"
EndProject
Global
	GlobalSection(SolutionConfigurationPlatforms) = preSolution
		Debug|Any CPU = Debug|Any CPU
		Release|Any CPU = Release|Any CPU
	EndGlobalSection
	GlobalSection(ProjectConfigurationPlatforms) = postSolution
		{8C18F5CD-3677-447A-B7F3-62124924E7AE}.Debug|Any CPU.ActiveCfg = Debug|Any CPU
		{8C18F5CD-3677-447A-B7F3-62124924E7AE}.Debug|Any CPU.Build.0 = Debug|Any CPU
		{8C18F5CD-3677-447A-B7F3-62124924E7AE}.Release|Any CPU.ActiveCfg = Release|Any CPU
		{8C18F5CD-3677-447A-B7F3-62124924E7AE}.Release|Any CPU.Build.0 = Release|Any CPU
	EndGlobalSection
	GlobalSection(SolutionProperties) = preSolution
		HideSolutionNode = FALSE
	EndGlobalSection
	GlobalSection(ExtensibilityGlobals) = postSolution
		SolutionGuid = {7C713783-A399-4DB5-B200-9B69BF50408A}
	EndGlobalSection
EndGlobal
